
Microsoft Visual Studio Solution File, Format Version 12.00
# Visual Studio Version 17
VisualStudioVersion = 17.8.34511.84
MinimumVisualStudioVersion = 10.0.40219.1
Project("{FAE04EC0-301F-11D3-BF4B-00C04F79EFBC}") = "Cumulative1N01605244", "Cumulative1N01605244\Cumulative1N01605244.csproj", "{24DE3E01-B481-4FA2-A475-4B3087C8B7D3}"
EndProject
Global
	GlobalSection(SolutionConfigurationPlatforms) = preSolution
		Debug|Any CPU = Debug|Any CPU
		Release|Any CPU = Release|Any CPU
	EndGlobalSection
	GlobalSection(ProjectConfigurationPlatforms) = postSolution
		{24DE3E01-B481-4FA2-A475-4B3087C8B7D3}.Debug|Any CPU.ActiveCfg = Debug|Any CPU
		{24DE3E01-B481-4FA2-A475-4B3087C8B7D3}.Debug|Any CPU.Build.0 = Debug|Any CPU
		{24DE3E01-B481-4FA2-A475-4B3087C8B7D3}.Release|Any CPU.ActiveCfg = Release|Any CPU
		{24DE3E01-B481-4FA2-A475-4B3087C8B7D3}.Release|Any CPU.Build.0 = Release|Any CPU
	EndGlobalSection
	GlobalSection(SolutionProperties) = preSolution
		HideSolutionNode = FALSE
	EndGlobalSection
	GlobalSection(ExtensibilityGlobals) = postSolution
		SolutionGuid = {D4DDBC9E-3341-489C-84E2-E968E824AEA5}
	EndGlobalSection
EndGlobal
